Microsoft Visual Studio Solution File, Format Version 9.00
# Visual Studio 2005
Project("{FAE04EC0-301F-11D3-BF4B-00C04F79EFBC}") = "HMS", "HMS.csproj", "{A752C35D-672B-4322-8F79-218A94F4A236}"
EndProject
Global
	GlobalSection(SolutionConfigurationPlatforms) = preSolution
		Debug|Any CPU = Debug|Any CPU
		Release|Any CPU = Release|Any CPU
	EndGlobalSection
	GlobalSection(ProjectConfigurationPlatforms) = postSolution
		{A752C35D-672B-4322-8F79-218A94F4A236}.Debug|Any CPU.ActiveCfg = Debug|Any CPU
		{A752C35D-672B-4322-8F79-218A94F4A236}.Debug|Any CPU.Build.0 = Debug|Any CPU
		{A752C35D-672B-4322-8F79-218A94F4A236}.Release|Any CPU.ActiveCfg = Release|Any CPU
		{A752C35D-672B-4322-8F79-218A94F4A236}.Release|Any CPU.Build.0 = Release|Any CPU
	EndGlobalSection
	GlobalSection(SolutionProperties) = preSolution
		HideSolutionNode = FALSE
	EndGlobalSection
EndGlobal
